Microsoft Visual Studio Solution File, Format Version 11.00
# Visual Studio 2008

Project("{4C8E02E9-5AB3-28D5-3D9D-F181B08D34E5}") = "Teamprojekt Tower Defense", "Assembly-CSharp.csproj", "{2460DD42-064B-E5BB-4719-175519E06856}"
EndProject
Global
	GlobalSection(SolutionConfigurationPlatforms) = preSolution
		Debug|Any CPU = Debug|Any CPU
		Release|Any CPU = Release|Any CPU
	EndGlobalSection
	GlobalSection(ProjectConfigurationPlatforms) = postSolution
		{2460DD42-064B-E5BB-4719-175519E06856}.Debug|Any CPU.ActiveCfg = Debug|Any CPU
		{2460DD42-064B-E5BB-4719-175519E06856}.Debug|Any CPU.Build.0 = Debug|Any CPU
		{2460DD42-064B-E5BB-4719-175519E06856}.Release|Any CPU.ActiveCfg = Release|Any CPU
		{2460DD42-064B-E5BB-4719-175519E06856}.Release|Any CPU.Build.0 = Release|Any CPU
	EndGlobalSection
	GlobalSection(SolutionProperties) = preSolution
		HideSolutionNode = FALSE
	EndGlobalSection
	GlobalSection(MonoDevelopProperties) = preSolution
		StartupItem = Assembly-CSharp.csproj
	EndGlobalSection
EndGlobal
